// !$*UTF8*$!
{
	archiveVersion = 1;
	classes = {
	};
	objectVersion = 50;
	objects = {

/* Begin PBXBuildFile section */
		CA58E8B2276C9FC800104FF1 /* AppDelegate.swift in Sources */ = {isa = PBXBuildFile; fileRef = CA58E8B1276C9FC800104FF1 /* AppDelegate.swift */; };
		CA58E8B4276C9FC800104FF1 /* SceneDelegate.swift in Sources */ = {isa = PBXBuildFile; fileRef = CA58E8B3276C9FC800104FF1 /* SceneDelegate.swift */; };
		CA58E8B6276C9FC800104FF1 /* LoginViewController.swift in Sources */ = {isa = PBXBuildFile; fileRef = CA58E8B5276C9FC800104FF1 /* LoginViewController.swift */; };
		CA58E8B9276C9FC800104FF1 /* Main.storyboard in Resources */ = {isa = PBXBuildFile; fileRef = CA58E8B7276C9FC800104FF1 /* Main.storyboard */; };
		CA58E8BB276C9FD600104FF1 /* Assets.xcassets in Resources */ = {isa = PBXBuildFile; fileRef = CA58E8BA276C9FD600104FF1 /* Assets.xcassets */; };
		CA58E8BE276C9FD600104FF1 /* LaunchScreen.storyboard in Resources */ = {isa = PBXBuildFile; fileRef = CA58E8BC276C9FD600104FF1 /* LaunchScreen.storyboard */; };
		CA58E8C8276CADFC00104FF1 /* WelcomeViewController.swift in Sources */ = {isa = PBXBuildFile; fileRef = CA58E8C7276CADFC00104FF1 /* WelcomeViewController.swift */; };
/* End PBXBuildFile section */

/* Begin PBXFileReference section */
		CA58E8AE276C9FC800104FF1 /* loginUserNameInterface.app */ = {isa = PBXFileReference; explicitFileType = wrapper.application; includeInIndex = 0; path = loginUserNameInterface.app; sourceTree = BUILT_PRODUCTS_DIR; };
		CA58E8B1276C9FC800104FF1 /* AppDelegate.swift */ = {isa = PBXFileReference; lastKnownFileType = sourcecode.swift; path = AppDelegate.swift; sourceTree = "<group>"; };
		CA58E8B3276C9FC800104FF1 /* SceneDelegate.swift */ = {isa = PBXFileReference; lastKnownFileType = sourcecode.swift; path = SceneDelegate.swift; sourceTree = "<group>"; };
		CA58E8B5276C9FC800104FF1 /* LoginViewController.swift */ = {isa = PBXFileReference; lastKnownFileType = sourcecode.swift; path = LoginViewController.swift; sourceTree = "<group>"; };
		CA58E8B8276C9FC800104FF1 /* Base */ = {isa = PBXFileReference; lastKnownFileType = file.storyboard; name = Base; path = Base.lproj/Main.storyboard; sourceTree = "<group>"; };
		CA58E8BA276C9FD600104FF1 /* Assets.xcassets */ = {isa = PBXFileReference; lastKnownFileType = folder.assetcatalog; path = Assets.xcassets; sourceTree = "<group>"; };
		CA58E8BD276C9FD600104FF1 /* Base */ = {isa = PBXFileReference; lastKnownFileType = file.storyboard; name = Base; path = Base.lproj/LaunchScreen.storyboard; sourceTree = "<group>"; };
		CA58E8BF276C9FD600104FF1 /* Info.plist */ = {isa = PBXFileReference; lastKnownFileType = text.plist.xml; path = Info.plist; sourceTree = "<group>"; };
		CA58E8C7276CADFC00104FF1 /* WelcomeViewController.swift */ = {isa = PBXFileReference; lastKnownFileType = sourcecode.swift; path = WelcomeViewController.swift; sourceTree = "<group>"; };
/* End PBXFileReference section */

/* Begin PBXFrameworksBuildPhase section */
		CA58E8AB276C9FC800104FF1 /* Frameworks */ = {
			isa = PBXFrameworksBuildPhase;
			buildActionMask = 2147483647;
			files = (
			);
			runOnlyForDeploymentPostprocessing = 0;
		};
/* End PBXFrameworksBuildPhase section */

/* Begin PBXGroup section */
		CA072027276F4661002DF896 /* ViewControllers */ = {
			isa = PBXGroup;
			children = (
				CA58E8B5276C9FC800104FF1 /* LoginViewController.swift */,
				CA58E8C7276CADFC00104FF1 /* WelcomeViewController.swift */,
			);
			path = ViewControllers;
			sourceTree = "<group>";
		};
		CA072028276F46E9002DF896 /* Storyboards */ = {
			isa = PBXGroup;
			children = (
				CA58E8B7276C9FC800104FF1 /* Main.storyboard */,
				CA58E8BC276C9FD600104FF1 /* LaunchScreen.storyboard */,
			);
			path = Storyboards;
			sourceTree = "<group>";
		};
		CA58E8A5276C9FC800104FF1 = {
			isa = PBXGroup;
			children = (
				CA58E8B0276C9FC800104FF1 /* loginUserNameInterface */,
				CA58E8AF276C9FC800104FF1 /* Products */,
			);
			sourceTree = "<group>";
		};
		CA58E8AF276C9FC800104FF1 /* Products */ = {
			isa = PBXGroup;
			children = (
				CA58E8AE276C9FC800104FF1 /* loginUserNameInterface.app */,
			);
			name = Products;
			sourceTree = "<group>";
		};
		CA58E8B0276C9FC800104FF1 /* loginUserNameInterface */ = {
			isa = PBXGroup;
			children = (
				CA072027276F4661002DF896 /* ViewControllers */,
				CA072028276F46E9002DF896 /* Storyboards */,
				CA58E8B1276C9FC800104FF1 /* AppDelegate.swift */,
				CA58E8B3276C9FC800104FF1 /* SceneDelegate.swift */,
				CA58E8BA276C9FD600104FF1 /* Assets.xcassets */,
				CA58E8BF276C9FD600104FF1 /* Info.plist */,
			);
			path = loginUserNameInterface;
			sourceTree = "<group>";
		};
/* End PBXGroup section */

/* Begin PBXNativeTarget section */
		CA58E8AD276C9FC800104FF1 /* loginUserNameInterface */ = {
			isa = PBXNativeTarget;
			buildConfigurationList = CA58E8C2276C9FD600104FF1 /* Build configuration list for PBXNativeTarget "loginUserNameInterface" */;
			buildPhases = (
				CA58E8AA276C9FC800104FF1 /* Sources */,
				CA58E8AB276C9FC800104FF1 /* Frameworks */,
				CA58E8AC276C9FC800104FF1 /* Resources */,
			);
			buildRules = (
			);
			dependencies = (
			);
			name = loginUserNameInterface;
			productName = loginUserNameInterface;
			productReference = CA58E8AE276C9FC800104FF1 /* loginUserNameInterface.app */;
			productType = "com.apple.product-type.application";
		};
/* End PBXNativeTarget section */

/* Begin PBXProject section */
		CA58E8A6276C9FC800104FF1 /* Project object */ = {
			isa = PBXProject;
			attributes = {
				LastSwiftUpdateCheck = 1240;
				LastUpgradeCheck = 1240;
				TargetAttributes = {
					CA58E8AD276C9FC800104FF1 = {
						CreatedOnToolsVersion = 12.4;
					};
				};
			};
			buildConfigurationList = CA58E8A9276C9FC800104FF1 /* Build configuration list for PBXProject "loginUserNameInterface" */;
			compatibilityVersion = "Xcode 9.3";
			developmentRegion = en;
			hasScannedForEncodings = 0;
			knownRegions = (
				en,
				Base,
			);
			mainGroup = CA58E8A5276C9FC800104FF1;
			productRefGroup = CA58E8AF276C9FC800104FF1 /* Products */;
			projectDirPath = "";
			projectRoot = "";
			targets = (
				CA58E8AD276C9FC800104FF1 /* loginUserNameInterface */,
			);
		};
/* End PBXProject section */

/* Begin PBXResourcesBuildPhase section */
		CA58E8AC276C9FC800104FF1 /* Resources */ = {
			isa = PBXResourcesBuildPhase;
			buildActionMask = 2147483647;
			files = (
				CA58E8BE276C9FD600104FF1 /* LaunchScreen.storyboard in Resources */,
				CA58E8BB276C9FD600104FF1 /* Assets.xcassets in Resources */,
				CA58E8B9276C9FC800104FF1 /* Main.storyboard in Resources */,
			);
			runOnlyForDeploymentPostprocessing = 0;
		};
/* End PBXResourcesBuildPhase section */

/* Begin PBXSourcesBuildPhase section */
		CA58E8AA276C9FC800104FF1 /* Sources */ = {
			isa = PBXSourcesBuildPhase;
			buildActionMask = 2147483647;
			files = (
				CA58E8B6276C9FC800104FF1 /* LoginViewController.swift in Sources */,
				CA58E8C8276CADFC00104FF1 /* WelcomeViewController.swift in Sources */,
				CA58E8B2276C9FC800104FF1 /* AppDelegate.swift in Sources */,
				CA58E8B4276C9FC800104FF1 /* SceneDelegate.swift in Sources */,
			);
			runOnlyForDeploymentPostprocessing = 0;
		};
/* End PBXSourcesBuildPhase section */

/* Begin PBXVariantGroup section */
		CA58E8B7276C9FC800104FF1 /* Main.storyboard */ = {
			isa = PBXVariantGroup;
			children = (
				CA58E8B8276C9FC800104FF1 /* Base */,
			);
			name = Main.storyboard;
			sourceTree = "<group>";
		};
		CA58E8BC276C9FD600104FF1 /* LaunchScreen.storyboard */ = {
			isa = PBXVariantGroup;
			children = (
				CA58E8BD276C9FD600104FF1 /* Base */,
			);
			name = LaunchScreen.storyboard;
			sourceTree = "<group>";
		};
/* End PBXVariantGroup section */

/* Begin XCBuildConfiguration section */
		CA58E8C0276C9FD600104FF1 /* Debug */ = {
			isa = XCBuildConfiguration;
			buildSettings = {
				ALWAYS_SEARCH_USER_PATHS = NO;
				CLANG_ANALYZER_NONNULL = YES;
				CLANG_ANALYZER_NUMBER_OBJECT_CONVERSION = YES_AGGRESSIVE;
				CLANG_CXX_LANGUAGE_STANDARD = "gnu++14";
				CLANG_CXX_LIBRARY = "libc++";
				CLANG_ENABLE_MODULES = YES;
				CLANG_ENABLE_OBJC_ARC = YES;
				CLANG_ENABLE_OBJC_WEAK = YES;
				CLANG_WARN_BLOCK_CAPTURE_AUTORELEASING = YES;
				CLANG_WARN_BOOL_CONVERSION = YES;
				CLANG_WARN_COMMA = YES;
				CLANG_WARN_CONSTANT_CONVERSION = YES;
				CLANG_WARN_DEPRECATED_OBJC_IMPLEMENTATIONS = YES;
				CLANG_WARN_DIRECT_OBJC_ISA_USAGE = YES_ERROR;
				CLANG_WARN_DOCUMENTATION_COMMENTS = YES;
				CLANG_WARN_EMPTY_BODY = YES;
				CLANG_WARN_ENUM_CONVERSION = YES;
				CLANG_WARN_INFINITE_RECURSION = YES;
				CLANG_WARN_INT_CONVERSION = YES;
				CLANG_WARN_NON_LITERAL_NULL_CONVERSION = YES;
				CLANG_WARN_OBJC_IMPLICIT_RETAIN_SELF = YES;
				CLANG_WARN_OBJC_LITERAL_CONVERSION = YES;
				CLANG_WARN_OBJC_ROOT_CLASS = YES_ERROR;
				CLANG_WARN_QUOTED_INCLUDE_IN_FRAMEWORK_HEADER = YES;
				CLANG_WARN_RANGE_LOOP_ANALYSIS = YES;
				CLANG_WARN_STRICT_PROTOTYPES = YES;
				CLANG_WARN_SUSPICIOUS_MOVE = YES;
				CLANG_WARN_UNGUARDED_AVAILABILITY = YES_AGGRESSIVE;
				CLANG_WARN_UNREACHABLE_CODE = YES;
				CLANG_WARN__DUPLICATE_METHOD_MATCH = YES;
				COPY_PHASE_STRIP = NO;
				DEBUG_INFORMATION_FORMAT = dwarf;
				ENABLE_STRICT_OBJC_MSGSEND = YES;
				ENABLE_TESTABILITY = YES;
				GCC_C_LANGUAGE_STANDARD = gnu11;
				GCC_DYNAMIC_NO_PIC = NO;
				GCC_NO_COMMON_BLOCKS = YES;
				GCC_OPTIMIZATION_LEVEL = 0;
				GCC_PREPROCESSOR_DEFINITIONS = (
					"DEBUG=1",
					"$(inherited)",
				);
				GCC_WARN_64_TO_32_BIT_CONVERSION = YES;
				GCC_WARN_ABOUT_RETURN_TYPE = YES_ERROR;
				GCC_WARN_UNDECLARED_SELECTOR = YES;
				GCC_WARN_UNINITIALIZED_AUTOS = YES_AGGRESSIVE;
				GCC_WARN_UNUSED_FUNCTION = YES;
				GCC_WARN_UNUSED_VARIABLE = YES;
				IPHONEOS_DEPLOYMENT_TARGET = 14.4;
				MTL_ENABLE_DEBUG_INFO = INCLUDE_SOURCE;
				MTL_FAST_MATH = YES;
				ONLY_ACTIVE_ARCH = YES;
				SDKROOT = iphoneos;
				SWIFT_ACTIVE_COMPILATION_CONDITIONS = DEBUG;
				SWIFT_OPTIMIZATION_LEVEL = "-Onone";
			};
			name = Debug;
		};
		CA58E8C1276C9FD600104FF1 /* Release */ = {
			isa = XCBuildConfiguration;
			buildSettings = {
				ALWAYS_SEARCH_USER_PATHS = NO;
				CLANG_ANALYZER_NONNULL = YES;
				CLANG_ANALYZER_NUMBER_OBJECT_CONVERSION = YES_AGGRESSIVE;
				CLANG_CXX_LANGUAGE_STANDARD = "gnu++14";
				CLANG_CXX_LIBRARY = "libc++";
				CLANG_ENABLE_MODULES = YES;
				CLANG_ENABLE_OBJC_ARC = YES;
				CLANG_ENABLE_OBJC_WEAK = YES;
				CLANG_WARN_BLOCK_CAPTURE_AUTORELEASING = YES;
				CLANG_WARN_BOOL_CONVERSION = YES;
				CLANG_WARN_COMMA = YES;
				CLANG_WARN_CONSTANT_CONVERSION = YES;
				CLANG_WARN_DEPRECATED_OBJC_IMPLEMENTATIONS = YES;
				CLANG_WARN_DIRECT_OBJC_ISA_USAGE = YES_ERROR;
				CLANG_WARN_DOCUMENTATION_COMMENTS = YES;
				CLANG_WARN_EMPTY_BODY = YES;
				CLANG_WARN_ENUM_CONVERSION = YES;
				CLANG_WARN_INFINITE_RECURSION = YES;
				CLANG_WARN_INT_CONVERSION = YES;
				CLANG_WARN_NON_LITERAL_NULL_CONVERSION = YES;
				CLANG_WARN_OBJC_IMPLICIT_RETAIN_SELF = YES;
				CLANG_WARN_OBJC_LITERAL_CONVERSION = YES;
				CLANG_WARN_OBJC_ROOT_CLASS = YES_ERROR;
				CLANG_WARN_QUOTED_INCLUDE_IN_FRAMEWORK_HEADER = YES;
				CLANG_WARN_RANGE_LOOP_ANALYSIS = YES;
				CLANG_WARN_STRICT_PROTOTYPES = YES;
				CLANG_WARN_SUSPICIOUS_MOVE = YES;
				CLANG_WARN_UNGUARDED_AVAILABILITY = YES_AGGRESSIVE;
				CLANG_WARN_UNREACHABLE_CODE = YES;
				CLANG_WARN__DUPLICATE_METHOD_MATCH = YES;
				COPY_PHASE_STRIP = NO;
				DEBUG_INFORMATION_FORMAT = "dwarf-with-dsym";
				ENABLE_NS_ASSERTIONS = NO;
				ENABLE_STRICT_OBJC_MSGSEND = YES;
				GCC_C_LANGUAGE_STANDARD = gnu11;
				GCC_NO_COMMON_BLOCKS = YES;
				GCC_WARN_64_TO_32_BIT_CONVERSION = YES;
				GCC_WARN_ABOUT_RETURN_TYPE = YES_ERROR;
				GCC_WARN_UNDECLARED_SELECTOR = YES;
				GCC_WARN_UNINITIALIZED_AUTOS = YES_AGGRESSIVE;
				GCC_WARN_UNUSED_FUNCTION = YES;
				GCC_WARN_UNUSED_VARIABLE = YES;
				IPHONEOS_DEPLOYMENT_TARGET = 14.4;
				MTL_ENABLE_DEBUG_INFO = NO;
				MTL_FAST_MATH = YES;
				SDKROOT = iphoneos;
				SWIFT_COMPILATION_MODE = wholemodule;
				SWIFT_OPTIMIZATION_LEVEL = "-O";
				VALIDATE_PRODUCT = YES;
			};
			name = Release;
		};
		CA58E8C3276C9FD600104FF1 /* Debug */ = {
			isa = XCBuildConfiguration;
			buildSettings = {
				ASSETCATALOG_COMPILER_APPICON_NAME = AppIcon;
				ASSETCATALOG_COMPILER_GLOBAL_ACCENT_COLOR_NAME = AccentColor;
				CODE_SIGN_STYLE = Automatic;
				DEVELOPMENT_TEAM = 8BC5UDJWT2;
				INFOPLIST_FILE = loginUserNameInterface/Info.plist;
				LD_RUNPATH_SEARCH_PATHS = (
					"$(inherited)",
					"@executable_path/Frameworks",
				);
				PRODUCT_BUNDLE_IDENTIFIER = "-.loginUserNameInterface";
				PRODUCT_NAME = "$(TARGET_NAME)";
				SWIFT_VERSION = 5.0;
				TARGETED_DEVICE_FAMILY = "1,2";
			};
			name = Debug;
		};
		CA58E8C4276C9FD600104FF1 /* Release */ = {
			isa = XCBuildConfiguration;
			buildSettings = {
				ASSETCATALOG_COMPILER_APPICON_NAME = AppIcon;
				ASSETCATALOG_COMPILER_GLOBAL_ACCENT_COLOR_NAME = AccentColor;
				CODE_SIGN_STYLE = Automatic;
				DEVELOPMENT_TEAM = 8BC5UDJWT2;
				INFOPLIST_FILE = loginUserNameInterface/Info.plist;
				LD_RUNPATH_SEARCH_PATHS = (
					"$(inherited)",
					"@executable_path/Frameworks",
				);
				PRODUCT_BUNDLE_IDENTIFIER = "-.loginUserNameInterface";
				PRODUCT_NAME = "$(TARGET_NAME)";
				SWIFT_VERSION = 5.0;
				TARGETED_DEVICE_FAMILY = "1,2";
			};
			name = Release;
		};
/* End XCBuildConfiguration section */

/* Begin XCConfigurationList section */
		CA58E8A9276C9FC800104FF1 /* Build configuration list for PBXProject "loginUserNameInterface" */ = {
			isa = XCConfigurationList;
			buildConfigurations = (
				CA58E8C0276C9FD600104FF1 /* Debug */,
				CA58E8C1276C9FD600104FF1 /* Release */,
			);
			defaultConfigurationIsVisible = 0;
			defaultConfigurationName = Release;
		};
		CA58E8C2276C9FD600104FF1 /* Build configuration list for PBXNativeTarget "loginUserNameInterface" */ = {
			isa = XCConfigurationList;
			buildConfigurations = (
				CA58E8C3276C9FD600104FF1 /* Debug */,
				CA58E8C4276C9FD600104FF1 /* Release */,
			);
			defaultConfigurationIsVisible = 0;
			defaultConfigurationName = Release;
		};
/* End XCConfigurationList section */
	};
	rootObject = CA58E8A6276C9FC800104FF1 /* Project object */;
}
